
Microsoft Visual Studio Solution File, Format Version 12.00
# Visual Studio Version 17
VisualStudioVersion = 17.7.34202.233
MinimumVisualStudioVersion = 10.0.40219.1
Project("{FAE04EC0-301F-11D3-BF4B-00C04F79EFBC}") = "LabWork5", "LabWork5\LabWork5.csproj", "{910E7806-D462-485B-A15A-7D101CD7D726}"
EndProject
Global
	GlobalSection(SolutionConfigurationPlatforms) = preSolution
		Debug|Any CPU = Debug|Any CPU
		Release|Any CPU = Release|Any CPU
	EndGlobalSection
	GlobalSection(ProjectConfigurationPlatforms) = postSolution
		{910E7806-D462-485B-A15A-7D101CD7D726}.Debug|Any CPU.ActiveCfg = Debug|Any CPU
		{910E7806-D462-485B-A15A-7D101CD7D726}.Debug|Any CPU.Build.0 = Debug|Any CPU
		{910E7806-D462-485B-A15A-7D101CD7D726}.Release|Any CPU.ActiveCfg = Release|Any CPU
		{910E7806-D462-485B-A15A-7D101CD7D726}.Release|Any CPU.Build.0 = Release|Any CPU
	EndGlobalSection
	GlobalSection(SolutionProperties) = preSolution
		HideSolutionNode = FALSE
	EndGlobalSection
	GlobalSection(ExtensibilityGlobals) = postSolution
		SolutionGuid = {CDD5A672-9F97-4E05-8EDD-B6EF40E5A5A2}
	EndGlobalSection
EndGlobal
